<?xml version="1.0" encoding="utf-8"?>
<Project ToolsVersion="4.0" xmlns="http://schemas.microsoft.com/developer/msbuild/2003">
  <ItemGroup>
    <Filter Include="Source Files">
      <UniqueIdentifier>{70e6aebe-767a-4866-9ce8-f2716bd8e096}</UniqueIdentifier>
      <Extensions>cpp;c;cxx;rc;def;r;odl;idl;hpj;bat</Extensions>
    </Filter>
    <Filter Include="Header Files">
      <UniqueIdentifier>{cb14f00a-0b16-4e6d-9570-7c71d9f28021}</UniqueIdentifier>
      <Extensions>h;hpp;hxx;hm;inl</Extensions>
    </Filter>
    <Filter Include="Resource Files">
      <UniqueIdentifier>{28068e13-16ed-4833-a47f-ae1bb5382c55}</UniqueIdentifier>
      <Extensions>ico;cur;bmp;dlg;rc2;rct;bin;rgs;gif;jpg;jpeg;jpe</Extensions>
    </Filter>
  </ItemGroup>
  <ItemGroup>
    <ClCompile Include="StdAfx.cpp">
      <Filter>Source Files</Filter>
    </ClCompile>
    <ClCompile Include="jvlink.cpp">
      <Filter>Source Files</Filter>
    </ClCompile>
    <ClCompile Include="sample1.cpp">
      <Filter>Source Files</Filter>
    </ClCompile>
    <ClCompile Include="sample1Del.cpp">
      <Filter>Source Files</Filter>
    </ClCompile>
    <ClCompile Include="sample1Dlg1.cpp">
      <Filter>Source Files</Filter>
    </ClCompile>
    <ClCompile Include="sample1Dlg2.cpp">
      <Filter>Source Files</Filter>
    </ClCompile>
  </ItemGroup>
  <ItemGroup>
    <ResourceCompile Include="sample1.rc">
      <Filter>Source Files</Filter>
    </ResourceCompile>
  </ItemGroup>
  <ItemGroup>
    <ClInclude Include="Resource.h">
      <Filter>Header Files</Filter>
    </ClInclude>
    <ClInclude Include="StdAfx.h">
      <Filter>Header Files</Filter>
    </ClInclude>
    <ClInclude Include="jvlink.h">
      <Filter>Header Files</Filter>
    </ClInclude>
    <ClInclude Include="sample1.h">
      <Filter>Header Files</Filter>
    </ClInclude>
    <ClInclude Include="sample1Del.h">
      <Filter>Header Files</Filter>
    </ClInclude>
    <ClInclude Include="sample1Dlg1.h">
      <Filter>Header Files</Filter>
    </ClInclude>
    <ClInclude Include="sample1Dlg2.h">
      <Filter>Header Files</Filter>
    </ClInclude>
  </ItemGroup>
  <ItemGroup>
    <Image Include="res\sample1.ico">
      <Filter>Resource Files</Filter>
    </Image>
  </ItemGroup>
  <ItemGroup>
    <None Include="res\sample1.rc2">
      <Filter>Resource Files</Filter>
    </None>
  </ItemGroup>
  <ItemGroup>
    <Text Include="ReadMe.txt" />
  </ItemGroup>
</Project>